Microsoft Visual Studio Solution File, Format Version 12.00
# Visual Studio Version 16
VisualStudioVersion = 16.0.28803.202
MinimumVisualStudioVersion = 10.0.40219.1
Project("{2150E333-8FDC-42A3-9474-1A3956D46DE8}") = "src", "src", "{4CD3AA9E-D937-48CA-BB6C-158E12257D23}"
EndProject
Project("{2150E333-8FDC-42A3-9474-1A3956D46DE8}") = "test", "test", "{A6573187-FD0D-4DF7-91D1-03E07E470C0A}"
EndProject
Project("{9A19103F-16F7-4668-BE54-9A1E7A4F7556}") = "Orleans.Indexing", "src\Orleans.Indexing\Orleans.Indexing.csproj", "{B2F5575C-D3AA-489D-98E1-CCEBF9FE402B}"
EndProject
Project("{9A19103F-16F7-4668-BE54-9A1E7A4F7556}") = "Orleans.Indexing.Tests", "test\Orleans.Indexing.Tests\Orleans.Indexing.Tests.csproj", "{EBD217EA-A0F6-4FEF-B24F-37839778B131}"
EndProject
Global
	GlobalSection(SolutionConfigurationPlatforms) = preSolution
		Debug|Any CPU = Debug|Any CPU
		Debug|x64 = Debug|x64
		Debug|x86 = Debug|x86
		Release|Any CPU = Release|Any CPU
		Release|x64 = Release|x64
		Release|x86 = Release|x86
	EndGlobalSection
	GlobalSection(ProjectConfigurationPlatforms) = postSolution
		{B2F5575C-D3AA-489D-98E1-CCEBF9FE402B}.Debug|Any CPU.ActiveCfg = Debug|Any CPU
		{B2F5575C-D3AA-489D-98E1-CCEBF9FE402B}.Debug|Any CPU.Build.0 = Debug|Any CPU
		{B2F5575C-D3AA-489D-98E1-CCEBF9FE402B}.Debug|x64.ActiveCfg = Debug|Any CPU
		{B2F5575C-D3AA-489D-98E1-CCEBF9FE402B}.Debug|x64.Build.0 = Debug|Any CPU
		{B2F5575C-D3AA-489D-98E1-CCEBF9FE402B}.Debug|x86.ActiveCfg = Debug|Any CPU
		{B2F5575C-D3AA-489D-98E1-CCEBF9FE402B}.Debug|x86.Build.0 = Debug|Any CPU
		{B2F5575C-D3AA-489D-98E1-CCEBF9FE402B}.Release|Any CPU.ActiveCfg = Release|Any CPU
		{B2F5575C-D3AA-489D-98E1-CCEBF9FE402B}.Release|Any CPU.Build.0 = Release|Any CPU
		{B2F5575C-D3AA-489D-98E1-CCEBF9FE402B}.Release|x64.ActiveCfg = Release|Any CPU
		{B2F5575C-D3AA-489D-98E1-CCEBF9FE402B}.Release|x64.Build.0 = Release|Any CPU
		{B2F5575C-D3AA-489D-98E1-CCEBF9FE402B}.Release|x86.ActiveCfg = Release|Any CPU
		{B2F5575C-D3AA-489D-98E1-CCEBF9FE402B}.Release|x86.Build.0 = Release|Any CPU
		{EBD217EA-A0F6-4FEF-B24F-37839778B131}.Debug|Any CPU.ActiveCfg = Debug|Any CPU
		{EBD217EA-A0F6-4FEF-B24F-37839778B131}.Debug|Any CPU.Build.0 = Debug|Any CPU
		{EBD217EA-A0F6-4FEF-B24F-37839778B131}.Debug|x64.ActiveCfg = Debug|Any CPU
		{EBD217EA-A0F6-4FEF-B24F-37839778B131}.Debug|x64.Build.0 = Debug|Any CPU
		{EBD217EA-A0F6-4FEF-B24F-37839778B131}.Debug|x86.ActiveCfg = Debug|Any CPU
		{EBD217EA-A0F6-4FEF-B24F-37839778B131}.Debug|x86.Build.0 = Debug|Any CPU
		{EBD217EA-A0F6-4FEF-B24F-37839778B131}.Release|Any CPU.ActiveCfg = Release|Any CPU
		{EBD217EA-A0F6-4FEF-B24F-37839778B131}.Release|Any CPU.Build.0 = Release|Any CPU
		{EBD217EA-A0F6-4FEF-B24F-37839778B131}.Release|x64.ActiveCfg = Release|Any CPU
		{EBD217EA-A0F6-4FEF-B24F-37839778B131}.Release|x64.Build.0 = Release|Any CPU
		{EBD217EA-A0F6-4FEF-B24F-37839778B131}.Release|x86.ActiveCfg = Release|Any CPU
		{EBD217EA-A0F6-4FEF-B24F-37839778B131}.Release|x86.Build.0 = Release|Any CPU
	EndGlobalSection
	GlobalSection(SolutionProperties) = preSolution
		HideSolutionNode = FALSE
	EndGlobalSection
	GlobalSection(NestedProjects) = preSolution
		{B2F5575C-D3AA-489D-98E1-CCEBF9FE402B} = {4CD3AA9E-D937-48CA-BB6C-158E12257D23}
		{EBD217EA-A0F6-4FEF-B24F-37839778B131} = {A6573187-FD0D-4DF7-91D1-03E07E470C0A}
	EndGlobalSection
	GlobalSection(ExtensibilityGlobals) = postSolution
		SolutionGuid = {7BFB3429-B5BB-4DB1-95B4-67D77A864952}
	EndGlobalSection
EndGlobal
